
Microsoft Visual Studio Solution File, Format Version 12.00
# Visual Studio Version 16
VisualStudioVersion = 16.0.30320.27
MinimumVisualStudioVersion = 10.0.40219.1
Project("{FAE04EC0-301F-11D3-BF4B-00C04F79EFBC}") = "GraphVizConverter", "GraphVizConverter\GraphVizConverter.csproj", "{F51ECD67-7B61-4EF3-A5F3-26C405FD18C9}"
EndProject
Project("{FAE04EC0-301F-11D3-BF4B-00C04F79EFBC}") = "UnitTestProject1", "UnitTestProject1\UnitTestProject1.csproj", "{89D0EDAC-8112-417F-ABCB-40B8A77747FF}"
EndProject
Project("{FAE04EC0-301F-11D3-BF4B-00C04F79EFBC}") = "ConvertExcelToDependencyGraphApp", "ConvertExcelToDependencyGraphApp\ConvertExcelToDependencyGraphApp.csproj", "{8A292F30-F7F6-4DAD-89AA-64B753E85A68}"
EndProject
Global
	GlobalSection(SolutionConfigurationPlatforms) = preSolution
		Debug|Any CPU = Debug|Any CPU
		Release|Any CPU = Release|Any CPU
	EndGlobalSection
	GlobalSection(ProjectConfigurationPlatforms) = postSolution
		{F51ECD67-7B61-4EF3-A5F3-26C405FD18C9}.Debug|Any CPU.ActiveCfg = Debug|Any CPU
		{F51ECD67-7B61-4EF3-A5F3-26C405FD18C9}.Debug|Any CPU.Build.0 = Debug|Any CPU
		{F51ECD67-7B61-4EF3-A5F3-26C405FD18C9}.Release|Any CPU.ActiveCfg = Release|Any CPU
		{F51ECD67-7B61-4EF3-A5F3-26C405FD18C9}.Release|Any CPU.Build.0 = Release|Any CPU
		{89D0EDAC-8112-417F-ABCB-40B8A77747FF}.Debug|Any CPU.ActiveCfg = Debug|Any CPU
		{89D0EDAC-8112-417F-ABCB-40B8A77747FF}.Debug|Any CPU.Build.0 = Debug|Any CPU
		{89D0EDAC-8112-417F-ABCB-40B8A77747FF}.Release|Any CPU.ActiveCfg = Release|Any CPU
		{89D0EDAC-8112-417F-ABCB-40B8A77747FF}.Release|Any CPU.Build.0 = Release|Any CPU
		{8A292F30-F7F6-4DAD-89AA-64B753E85A68}.Debug|Any CPU.ActiveCfg = Debug|Any CPU
		{8A292F30-F7F6-4DAD-89AA-64B753E85A68}.Debug|Any CPU.Build.0 = Debug|Any CPU
		{8A292F30-F7F6-4DAD-89AA-64B753E85A68}.Release|Any CPU.ActiveCfg = Release|Any CPU
		{8A292F30-F7F6-4DAD-89AA-64B753E85A68}.Release|Any CPU.Build.0 = Release|Any CPU
	EndGlobalSection
	GlobalSection(SolutionProperties) = preSolution
		HideSolutionNode = FALSE
	EndGlobalSection
	GlobalSection(ExtensibilityGlobals) = postSolution
		SolutionGuid = {95923B4D-1DD7-4A89-A2A9-784EE20C8942}
	EndGlobalSection
EndGlobal
